
Microsoft Visual Studio Solution File, Format Version 12.00
# Visual Studio 15
VisualStudioVersion = 15.0.26228.4
MinimumVisualStudioVersion = 10.0.40219.1
Project("{FAE04EC0-301F-11D3-BF4B-00C04F79EFBC}") = "xamarin-cognitive", "xamarin-cognitive\xamarin-cognitive.csproj", "{0A9A4A07-87AE-47D7-BA9F-AA2810102D12}"
EndProject
Project("{FAE04EC0-301F-11D3-BF4B-00C04F79EFBC}") = "Emotions", "Emotions\Emotions.csproj", "{FFEBFFD0-B521-496B-BD99-CCA3739C2921}"
EndProject
Global
	GlobalSection(SolutionConfigurationPlatforms) = preSolution
		Debug|Any CPU = Debug|Any CPU
		Release|Any CPU = Release|Any CPU
	EndGlobalSection
	GlobalSection(ProjectConfigurationPlatforms) = postSolution
		{0A9A4A07-87AE-47D7-BA9F-AA2810102D12}.Debug|Any CPU.ActiveCfg = Debug|Any CPU
		{0A9A4A07-87AE-47D7-BA9F-AA2810102D12}.Debug|Any CPU.Build.0 = Debug|Any CPU
		{0A9A4A07-87AE-47D7-BA9F-AA2810102D12}.Debug|Any CPU.Deploy.0 = Debug|Any CPU
		{0A9A4A07-87AE-47D7-BA9F-AA2810102D12}.Release|Any CPU.ActiveCfg = Release|Any CPU
		{0A9A4A07-87AE-47D7-BA9F-AA2810102D12}.Release|Any CPU.Build.0 = Release|Any CPU
		{0A9A4A07-87AE-47D7-BA9F-AA2810102D12}.Release|Any CPU.Deploy.0 = Release|Any CPU
		{FFEBFFD0-B521-496B-BD99-CCA3739C2921}.Debug|Any CPU.ActiveCfg = Debug|Any CPU
		{FFEBFFD0-B521-496B-BD99-CCA3739C2921}.Debug|Any CPU.Build.0 = Debug|Any CPU
		{FFEBFFD0-B521-496B-BD99-CCA3739C2921}.Release|Any CPU.ActiveCfg = Release|Any CPU
		{FFEBFFD0-B521-496B-BD99-CCA3739C2921}.Release|Any CPU.Build.0 = Release|Any CPU
	EndGlobalSection
	GlobalSection(SolutionProperties) = preSolution
		HideSolutionNode = FALSE
	EndGlobalSection
EndGlobal
